{
 "graph_lock": {
  "nodes": {
   "0": {
    "ref": "Clang/12.0.0",
    "options": "CLANG_BUILD_EXAMPLES=False\nCLANG_BUILD_TOOLS=False\nCLANG_ENABLE_ARCMT=True\nCLANG_ENABLE_PROTO_FUZZER=False\nCLANG_ENABLE_STATIC_ANALYZER=True\nCLANG_INCLUDE_CLANG_TOOLS_EXTRA=False\nCLANG_INCLUDE_DOCS=False\nCLANG_INCLUDE_TESTS=False\nLLVM_BUILD_32_BITS=False\nLLVM_BUILD_BENCHMARKS=False\nLLVM_BUILD_DOCS=False\nLLVM_BUILD_EXAMPLES=False\nLLVM_BUILD_EXTERNAL_COMPILER_RT=False\nLLVM_BUILD_INSTRUMENTED=False\nLLVM_BUILD_INSTRUMENTED_COVERAGE=False\nLLVM_BUILD_LLVM_C_DYLIB=False\nLLVM_BUILD_LLVM_DYLIB=False\nLLVM_BUILD_RUNTIME=True\nLLVM_BUILD_RUNTIMES=True\nLLVM_BUILD_TESTS=False\nLLVM_BUILD_TOOLS=False\nLLVM_BUILD_UTILS=False\nfPIC=True\nshared=False",
    "path": "conanfile.py",
    "context": "host"
   }
  },
  "revisions_enabled": false
 },
 "version": "0.4",
 "profile_host": "[settings]\narch=x86_64\narch_build=x86_64\nbuild_type=Release\ncompiler=gcc\ncompiler.libcxx=libstdc++\ncompiler.version=10\nos=Linux\nos_build=Linux\n[options]\n[build_requires]\n[env]\n"
}